// !$*UTF8*$!
{
	archiveVersion = 1;
	classes = {
	};
	objectVersion = 77;
	objects = {

/* Begin PBXContainerItemProxy section */
		AF3F2C392D9C47DF00F3F3EB /* PBXContainerItemProxy */ = {
			isa = PBXContainerItemProxy;
			containerPortal = AF3F2C1E2D9C47DD00F3F3EB /* Project object */;
			proxyType = 1;
			remoteGlobalIDString = AF3F2C252D9C47DD00F3F3EB;
			remoteInfo = "Community App";
		};
		AF3F2C432D9C47DF00F3F3EB /* PBXContainerItemProxy */ = {
			isa = PBXContainerItemProxy;
			containerPortal = AF3F2C1E2D9C47DD00F3F3EB /* Project object */;
			proxyType = 1;
			remoteGlobalIDString = AF3F2C252D9C47DD00F3F3EB;
			remoteInfo = "Community App";
		};
/* End PBXContainerItemProxy section */

/* Begin PBXFileReference section */
		AF3F2C262D9C47DD00F3F3EB /* Community App.app */ = {isa = PBXFileReference; explicitFileType = wrapper.application; includeInIndex = 0; path = "Community App.app"; sourceTree = BUILT_PRODUCTS_DIR; };
		AF3F2C382D9C47DF00F3F3EB /* Community AppTests.xctest */ = {isa = PBXFileReference; explicitFileType = wrapper.cfbundle; includeInIndex = 0; path = "Community AppTests.xctest"; sourceTree = BUILT_PRODUCTS_DIR; };
		AF3F2C422D9C47DF00F3F3EB /* Community AppUITests.xctest */ = {isa = PBXFileReference; explicitFileType = wrapper.cfbundle; includeInIndex = 0; path = "Community AppUITests.xctest"; sourceTree = BUILT_PRODUCTS_DIR; };
/* End PBXFileReference section */

/* Begin PBXFileSystemSynchronizedRootGroup section */
		AF3F2C282D9C47DD00F3F3EB /* Community App */ = {
			isa = PBXFileSystemSynchronizedRootGroup;
			path = "Community App";
			sourceTree = "<group>";
		};
		AF3F2C3B2D9C47DF00F3F3EB /* Community AppTests */ = {
			isa = PBXFileSystemSynchronizedRootGroup;
			path = "Community AppTests";
			sourceTree = "<group>";
		};
		AF3F2C452D9C47DF00F3F3EB /* Community AppUITests */ = {
			isa = PBXFileSystemSynchronizedRootGroup;
			path = "Community AppUITests";
			sourceTree = "<group>";
		};
/* End PBXFileSystemSynchronizedRootGroup section */

/* Begin PBXFrameworksBuildPhase section */
		AF3F2C232D9C47DD00F3F3EB /* Frameworks */ = {
			isa = PBXFrameworksBuildPhase;
			buildActionMask = 2147483647;
			files = (
			);
			runOnlyForDeploymentPostprocessing = 0;
		};
		AF3F2C352D9C47DF00F3F3EB /* Frameworks */ = {
			isa = PBXFrameworksBuildPhase;
			buildActionMask = 2147483647;
			files = (
			);
			runOnlyForDeploymentPostprocessing = 0;
		};
		AF3F2C3F2D9C47DF00F3F3EB /* Frameworks */ = {
			isa = PBXFrameworksBuildPhase;
			buildActionMask = 2147483647;
			files = (
			);
			runOnlyForDeploymentPostprocessing = 0;
		};
/* End PBXFrameworksBuildPhase section */

/* Begin PBXGroup section */
		AF3F2C1D2D9C47DD00F3F3EB = {
			isa = PBXGroup;
			children = (
				AF3F2C282D9C47DD00F3F3EB /* Community App */,
				AF3F2C3B2D9C47DF00F3F3EB /* Community AppTests */,
				AF3F2C452D9C47DF00F3F3EB /* Community AppUITests */,
				AF3F2C272D9C47DD00F3F3EB /* Products */,
			);
			sourceTree = "<group>";
		};
		AF3F2C272D9C47DD00F3F3EB /* Products */ = {
			isa = PBXGroup;
			children = (
				AF3F2C262D9C47DD00F3F3EB /* Community App.app */,
				AF3F2C382D9C47DF00F3F3EB /* Community AppTests.xctest */,
				AF3F2C422D9C47DF00F3F3EB /* Community AppUITests.xctest */,
			);
			name = Products;
			sourceTree = "<group>";
		};
/* End PBXGroup section */

/* Begin PBXNativeTarget section */
		AF3F2C252D9C47DD00F3F3EB /* Community App */ = {
			isa = PBXNativeTarget;
			buildConfigurationList = AF3F2C4C2D9C47DF00F3F3EB /* Build configuration list for PBXNativeTarget "Community App" */;
			buildPhases = (
				AF3F2C222D9C47DD00F3F3EB /* Sources */,
				AF3F2C232D9C47DD00F3F3EB /* Frameworks */,
				AF3F2C242D9C47DD00F3F3EB /* Resources */,
			);
			buildRules = (
			);
			dependencies = (
			);
			fileSystemSynchronizedGroups = (
				AF3F2C282D9C47DD00F3F3EB /* Community App */,
			);
			name = "Community App";
			packageProductDependencies = (
			);
			productName = "Community App";
			productReference = AF3F2C262D9C47DD00F3F3EB /* Community App.app */;
			productType = "com.apple.product-type.application";
		};
		AF3F2C372D9C47DF00F3F3EB /* Community AppTests */ = {
			isa = PBXNativeTarget;
			buildConfigurationList = AF3F2C4F2D9C47DF00F3F3EB /* Build configuration list for PBXNativeTarget "Community AppTests" */;
			buildPhases = (
				AF3F2C342D9C47DF00F3F3EB /* Sources */,
				AF3F2C352D9C47DF00F3F3EB /* Frameworks */,
				AF3F2C362D9C47DF00F3F3EB /* Resources */,
			);
			buildRules = (
			);
			dependencies = (
				AF3F2C3A2D9C47DF00F3F3EB /* PBXTargetDependency */,
			);
			fileSystemSynchronizedGroups = (
				AF3F2C3B2D9C47DF00F3F3EB /* Community AppTests */,
			);
			name = "Community AppTests";
			packageProductDependencies = (
			);
			productName = "Community AppTests";
			productReference = AF3F2C382D9C47DF00F3F3EB /* Community AppTests.xctest */;
			productType = "com.apple.product-type.bundle.unit-test";
		};
		AF3F2C412D9C47DF00F3F3EB /* Community AppUITests */ = {
			isa = PBXNativeTarget;
			buildConfigurationList = AF3F2C522D9C47DF00F3F3EB /* Build configuration list for PBXNativeTarget "Community AppUITests" */;
			buildPhases = (
				AF3F2C3E2D9C47DF00F3F3EB /* Sources */,
				AF3F2C3F2D9C47DF00F3F3EB /* Frameworks */,
				AF3F2C402D9C47DF00F3F3EB /* Resources */,
			);
			buildRules = (
			);
			dependencies = (
				AF3F2C442D9C47DF00F3F3EB /* PBXTargetDependency */,
			);
			fileSystemSynchronizedGroups = (
				AF3F2C452D9C47DF00F3F3EB /* Community AppUITests */,
			);
			name = "Community AppUITests";
			packageProductDependencies = (
			);
			productName = "Community AppUITests";
			productReference = AF3F2C422D9C47DF00F3F3EB /* Community AppUITests.xctest */;
			productType = "com.apple.product-type.bundle.ui-testing";
		};
/* End PBXNativeTarget section */

/* Begin PBXProject section */
		AF3F2C1E2D9C47DD00F3F3EB /* Project object */ = {
			isa = PBXProject;
			attributes = {
				BuildIndependentTargetsInParallel = 1;
				LastSwiftUpdateCheck = 1620;
				LastUpgradeCheck = 1620;
				TargetAttributes = {
					AF3F2C252D9C47DD00F3F3EB = {
						CreatedOnToolsVersion = 16.2;
					};
					AF3F2C372D9C47DF00F3F3EB = {
						CreatedOnToolsVersion = 16.2;
						TestTargetID = AF3F2C252D9C47DD00F3F3EB;
					};
					AF3F2C412D9C47DF00F3F3EB = {
						CreatedOnToolsVersion = 16.2;
						TestTargetID = AF3F2C252D9C47DD00F3F3EB;
					};
				};
			};
			buildConfigurationList = AF3F2C212D9C47DD00F3F3EB /* Build configuration list for PBXProject "Community App" */;
			developmentRegion = en;
			hasScannedForEncodings = 0;
			knownRegions = (
				en,
				Base,
			);
			mainGroup = AF3F2C1D2D9C47DD00F3F3EB;
			minimizedProjectReferenceProxies = 1;
			preferredProjectObjectVersion = 77;
			productRefGroup = AF3F2C272D9C47DD00F3F3EB /* Products */;
			projectDirPath = "";
			projectRoot = "";
			targets = (
				AF3F2C252D9C47DD00F3F3EB /* Community App */,
				AF3F2C372D9C47DF00F3F3EB /* Community AppTests */,
				AF3F2C412D9C47DF00F3F3EB /* Community AppUITests */,
			);
		};
/* End PBXProject section */

/* Begin PBXResourcesBuildPhase section */
		AF3F2C242D9C47DD00F3F3EB /* Resources */ = {
			isa = PBXResourcesBuildPhase;
			buildActionMask = 2147483647;
			files = (
			);
			runOnlyForDeploymentPostprocessing = 0;
		};
		AF3F2C362D9C47DF00F3F3EB /* Resources */ = {
			isa = PBXResourcesBuildPhase;
			buildActionMask = 2147483647;
			files = (
			);
			runOnlyForDeploymentPostprocessing = 0;
		};
		AF3F2C402D9C47DF00F3F3EB /* Resources */ = {
			isa = PBXResourcesBuildPhase;
			buildActionMask = 2147483647;
			files = (
			);
			runOnlyForDeploymentPostprocessing = 0;
		};
/* End PBXResourcesBuildPhase section */

/* Begin PBXSourcesBuildPhase section */
		AF3F2C222D9C47DD00F3F3EB /* Sources */ = {
			isa = PBXSourcesBuildPhase;
			buildActionMask = 2147483647;
			files = (
			);
			runOnlyForDeploymentPostprocessing = 0;
		};
		AF3F2C342D9C47DF00F3F3EB /* Sources */ = {
			isa = PBXSourcesBuildPhase;
			buildActionMask = 2147483647;
			files = (
			);
			runOnlyForDeploymentPostprocessing = 0;
		};
		AF3F2C3E2D9C47DF00F3F3EB /* Sources */ = {
			isa = PBXSourcesBuildPhase;
			buildActionMask = 2147483647;
			files = (
			);
			runOnlyForDeploymentPostprocessing = 0;
		};
/* End PBXSourcesBuildPhase section */

/* Begin PBXTargetDependency section */
		AF3F2C3A2D9C47DF00F3F3EB /* PBXTargetDependency */ = {
			isa = PBXTargetDependency;
			target = AF3F2C252D9C47DD00F3F3EB /* Community App */;
			targetProxy = AF3F2C392D9C47DF00F3F3EB /* PBXContainerItemProxy */;
		};
		AF3F2C442D9C47DF00F3F3EB /* PBXTargetDependency */ = {
			isa = PBXTargetDependency;
			target = AF3F2C252D9C47DD00F3F3EB /* Community App */;
			targetProxy = AF3F2C432D9C47DF00F3F3EB /* PBXContainerItemProxy */;
		};
/* End PBXTargetDependency section */

/* Begin XCBuildConfiguration section */
		AF3F2C4A2D9C47DF00F3F3EB /* Debug */ = {
			isa = XCBuildConfiguration;
			buildSettings = {
				ALWAYS_SEARCH_USER_PATHS = NO;
				ASSETCATALOG_COMPILER_GENERATE_SWIFT_ASSET_SYMBOL_EXTENSIONS = YES;
				CLANG_ANALYZER_NONNULL = YES;
				CLANG_ANALYZER_NUMBER_OBJECT_CONVERSION = YES_AGGRESSIVE;
				CLANG_CXX_LANGUAGE_STANDARD = "gnu++20";
				CLANG_ENABLE_MODULES = YES;
				CLANG_ENABLE_OBJC_ARC = YES;
				CLANG_ENABLE_OBJC_WEAK = YES;
				CLANG_WARN_BLOCK_CAPTURE_AUTORELEASING = YES;
				CLANG_WARN_BOOL_CONVERSION = YES;
				CLANG_WARN_COMMA = YES;
				CLANG_WARN_CONSTANT_CONVERSION = YES;
				CLANG_WARN_DEPRECATED_OBJC_IMPLEMENTATIONS = YES;
				CLANG_WARN_DIRECT_OBJC_ISA_USAGE = YES_ERROR;
				CLANG_WARN_DOCUMENTATION_COMMENTS = YES;
				CLANG_WARN_EMPTY_BODY = YES;
				CLANG_WARN_ENUM_CONVERSION = YES;
				CLANG_WARN_INFINITE_RECURSION = YES;
				CLANG_WARN_INT_CONVERSION = YES;
				CLANG_WARN_NON_LITERAL_NULL_CONVERSION = YES;
				CLANG_WARN_OBJC_IMPLICIT_RETAIN_SELF = YES;
				CLANG_WARN_OBJC_LITERAL_CONVERSION = YES;
				CLANG_WARN_OBJC_ROOT_CLASS = YES_ERROR;
				CLANG_WARN_QUOTED_INCLUDE_IN_FRAMEWORK_HEADER = YES;
				CLANG_WARN_RANGE_LOOP_ANALYSIS = YES;
				CLANG_WARN_STRICT_PROTOTYPES = YES;
				CLANG_WARN_SUSPICIOUS_MOVE = YES;
				CLANG_WARN_UNGUARDED_AVAILABILITY = YES_AGGRESSIVE;
				CLANG_WARN_UNREACHABLE_CODE = YES;
				CLANG_WARN__DUPLICATE_METHOD_MATCH = YES;
				COPY_PHASE_STRIP = NO;
				DEBUG_INFORMATION_FORMAT = dwarf;
				ENABLE_STRICT_OBJC_MSGSEND = YES;
				ENABLE_TESTABILITY = YES;
				ENABLE_USER_SCRIPT_SANDBOXING = YES;
				GCC_C_LANGUAGE_STANDARD = gnu17;
				GCC_DYNAMIC_NO_PIC = NO;
				GCC_NO_COMMON_BLOCKS = YES;
				GCC_OPTIMIZATION_LEVEL = 0;
				GCC_PREPROCESSOR_DEFINITIONS = (
					"DEBUG=1",
					"$(inherited)",
				);
				GCC_WARN_64_TO_32_BIT_CONVERSION = YES;
				GCC_WARN_ABOUT_RETURN_TYPE = YES_ERROR;
				GCC_WARN_UNDECLARED_SELECTOR = YES;
				GCC_WARN_UNINITIALIZED_AUTOS = YES_AGGRESSIVE;
				GCC_WARN_UNUSED_FUNCTION = YES;
				GCC_WARN_UNUSED_VARIABLE = YES;
				IPHONEOS_DEPLOYMENT_TARGET = 18.2;
				LOCALIZATION_PREFERS_STRING_CATALOGS = YES;
				MTL_ENABLE_DEBUG_INFO = INCLUDE_SOURCE;
				MTL_FAST_MATH = YES;
				ONLY_ACTIVE_ARCH = YES;
				SDKROOT = iphoneos;
				SWIFT_ACTIVE_COMPILATION_CONDITIONS = "DEBUG $(inherited)";
				SWIFT_OPTIMIZATION_LEVEL = "-Onone";
			};
			name = Debug;
		};
		AF3F2C4B2D9C47DF00F3F3EB /* Release */ = {
			isa = XCBuildConfiguration;
			buildSettings = {
				ALWAYS_SEARCH_USER_PATHS = NO;
				ASSETCATALOG_COMPILER_GENERATE_SWIFT_ASSET_SYMBOL_EXTENSIONS = YES;
				CLANG_ANALYZER_NONNULL = YES;
				CLANG_ANALYZER_NUMBER_OBJECT_CONVERSION = YES_AGGRESSIVE;
				CLANG_CXX_LANGUAGE_STANDARD = "gnu++20";
				CLANG_ENABLE_MODULES = YES;
				CLANG_ENABLE_OBJC_ARC = YES;
				CLANG_ENABLE_OBJC_WEAK = YES;
				CLANG_WARN_BLOCK_CAPTURE_AUTORELEASING = YES;
				CLANG_WARN_BOOL_CONVERSION = YES;
				CLANG_WARN_COMMA = YES;
				CLANG_WARN_CONSTANT_CONVERSION = YES;
				CLANG_WARN_DEPRECATED_OBJC_IMPLEMENTATIONS = YES;
				CLANG_WARN_DIRECT_OBJC_ISA_USAGE = YES_ERROR;
				CLANG_WARN_DOCUMENTATION_COMMENTS = YES;
				CLANG_WARN_EMPTY_BODY = YES;
				CLANG_WARN_ENUM_CONVERSION = YES;
				CLANG_WARN_INFINITE_RECURSION = YES;
				CLANG_WARN_INT_CONVERSION = YES;
				CLANG_WARN_NON_LITERAL_NULL_CONVERSION = YES;
				CLANG_WARN_OBJC_IMPLICIT_RETAIN_SELF = YES;
				CLANG_WARN_OBJC_LITERAL_CONVERSION = YES;
				CLANG_WARN_OBJC_ROOT_CLASS = YES_ERROR;
				CLANG_WARN_QUOTED_INCLUDE_IN_FRAMEWORK_HEADER = YES;
				CLANG_WARN_RANGE_LOOP_ANALYSIS = YES;
				CLANG_WARN_STRICT_PROTOTYPES = YES;
				CLANG_WARN_SUSPICIOUS_MOVE = YES;
				CLANG_WARN_UNGUARDED_AVAILABILITY = YES_AGGRESSIVE;
				CLANG_WARN_UNREACHABLE_CODE = YES;
				CLANG_WARN__DUPLICATE_METHOD_MATCH = YES;
				COPY_PHASE_STRIP = NO;
				DEBUG_INFORMATION_FORMAT = "dwarf-with-dsym";
				ENABLE_NS_ASSERTIONS = NO;
				ENABLE_STRICT_OBJC_MSGSEND = YES;
				ENABLE_USER_SCRIPT_SANDBOXING = YES;
				GCC_C_LANGUAGE_STANDARD = gnu17;
				GCC_NO_COMMON_BLOCKS = YES;
				GCC_WARN_64_TO_32_BIT_CONVERSION = YES;
				GCC_WARN_ABOUT_RETURN_TYPE = YES_ERROR;
				GCC_WARN_UNDECLARED_SELECTOR = YES;
				GCC_WARN_UNINITIALIZED_AUTOS = YES_AGGRESSIVE;
				GCC_WARN_UNUSED_FUNCTION = YES;
				GCC_WARN_UNUSED_VARIABLE = YES;
				IPHONEOS_DEPLOYMENT_TARGET = 18.2;
				LOCALIZATION_PREFERS_STRING_CATALOGS = YES;
				MTL_ENABLE_DEBUG_INFO = NO;
				MTL_FAST_MATH = YES;
				SDKROOT = iphoneos;
				SWIFT_COMPILATION_MODE = wholemodule;
				VALIDATE_PRODUCT = YES;
			};
			name = Release;
		};
		AF3F2C4D2D9C47DF00F3F3EB /* Debug */ = {
			isa = XCBuildConfiguration;
			buildSettings = {
				ASSETCATALOG_COMPILER_APPICON_NAME = AppIcon;
				ASSETCATALOG_COMPILER_GLOBAL_ACCENT_COLOR_NAME = AccentColor;
				CODE_SIGN_STYLE = Automatic;
				CURRENT_PROJECT_VERSION = 1;
				DEVELOPMENT_ASSET_PATHS = "\"Community App/Preview Content\"";
				ENABLE_PREVIEWS = YES;
				GENERATE_INFOPLIST_FILE = YES;
				INFOPLIST_KEY_UIApplicationSceneManifest_Generation = YES;
				INFOPLIST_KEY_UIApplicationSupportsIndirectInputEvents = YES;
				INFOPLIST_KEY_UILaunchScreen_Generation = YES;
				INFOPLIST_KEY_UISupportedInterfaceOrientations_iPad = "UIInterfaceOrientationPortrait UIInterfaceOrientationPortraitUpsideDown UIInterfaceOrientationLandscapeLeft UIInterfaceOrientationLandscapeRight";
				INFOPLIST_KEY_UISupportedInterfaceOrientations_iPhone = "UIInterfaceOrientationPortrait UIInterfaceOrientationLandscapeLeft UIInterfaceOrientationLandscapeRight";
				LD_RUNPATH_SEARCH_PATHS = (
					"$(inherited)",
					"@executable_path/Frameworks",
				);
				MARKETING_VERSION = 1.0;
				PRODUCT_BUNDLE_IDENTIFIER = "The-High-Card.Community-App";
				PRODUCT_NAME = "$(TARGET_NAME)";
				SWIFT_EMIT_LOC_STRINGS = YES;
				SWIFT_VERSION = 5.0;
				TARGETED_DEVICE_FAMILY = "1,2";
			};
			name = Debug;
		};
		AF3F2C4E2D9C47DF00F3F3EB /* Release */ = {
			isa = XCBuildConfiguration;
			buildSettings = {
				ASSETCATALOG_COMPILER_APPICON_NAME = AppIcon;
				ASSETCATALOG_COMPILER_GLOBAL_ACCENT_COLOR_NAME = AccentColor;
				CODE_SIGN_STYLE = Automatic;
				CURRENT_PROJECT_VERSION = 1;
				DEVELOPMENT_ASSET_PATHS = "\"Community App/Preview Content\"";
				ENABLE_PREVIEWS = YES;
				GENERATE_INFOPLIST_FILE = YES;
				INFOPLIST_KEY_UIApplicationSceneManifest_Generation = YES;
				INFOPLIST_KEY_UIApplicationSupportsIndirectInputEvents = YES;
				INFOPLIST_KEY_UILaunchScreen_Generation = YES;
				INFOPLIST_KEY_UISupportedInterfaceOrientations_iPad = "UIInterfaceOrientationPortrait UIInterfaceOrientationPortraitUpsideDown UIInterfaceOrientationLandscapeLeft UIInterfaceOrientationLandscapeRight";
				INFOPLIST_KEY_UISupportedInterfaceOrientations_iPhone = "UIInterfaceOrientationPortrait UIInterfaceOrientationLandscapeLeft UIInterfaceOrientationLandscapeRight";
				LD_RUNPATH_SEARCH_PATHS = (
					"$(inherited)",
					"@executable_path/Frameworks",
				);
				MARKETING_VERSION = 1.0;
				PRODUCT_BUNDLE_IDENTIFIER = "The-High-Card.Community-App";
				PRODUCT_NAME = "$(TARGET_NAME)";
				SWIFT_EMIT_LOC_STRINGS = YES;
				SWIFT_VERSION = 5.0;
				TARGETED_DEVICE_FAMILY = "1,2";
			};
			name = Release;
		};
		AF3F2C502D9C47DF00F3F3EB /* Debug */ = {
			isa = XCBuildConfiguration;
			buildSettings = {
				BUNDLE_LOADER = "$(TEST_HOST)";
				CODE_SIGN_STYLE = Automatic;
				CURRENT_PROJECT_VERSION = 1;
				GENERATE_INFOPLIST_FILE = YES;
				IPHONEOS_DEPLOYMENT_TARGET = 18.2;
				MARKETING_VERSION = 1.0;
				PRODUCT_BUNDLE_IDENTIFIER = "The-High-Card.Community-AppTests";
				PRODUCT_NAME = "$(TARGET_NAME)";
				SWIFT_EMIT_LOC_STRINGS = NO;
				SWIFT_VERSION = 5.0;
				TARGETED_DEVICE_FAMILY = "1,2";
				TEST_HOST = "$(BUILT_PRODUCTS_DIR)/Community App.app/$(BUNDLE_EXECUTABLE_FOLDER_PATH)/Community App";
			};
			name = Debug;
		};
		AF3F2C512D9C47DF00F3F3EB /* Release */ = {
			isa = XCBuildConfiguration;
			buildSettings = {
				BUNDLE_LOADER = "$(TEST_HOST)";
				CODE_SIGN_STYLE = Automatic;
				CURRENT_PROJECT_VERSION = 1;
				GENERATE_INFOPLIST_FILE = YES;
				IPHONEOS_DEPLOYMENT_TARGET = 18.2;
				MARKETING_VERSION = 1.0;
				PRODUCT_BUNDLE_IDENTIFIER = "The-High-Card.Community-AppTests";
				PRODUCT_NAME = "$(TARGET_NAME)";
				SWIFT_EMIT_LOC_STRINGS = NO;
				SWIFT_VERSION = 5.0;
				TARGETED_DEVICE_FAMILY = "1,2";
				TEST_HOST = "$(BUILT_PRODUCTS_DIR)/Community App.app/$(BUNDLE_EXECUTABLE_FOLDER_PATH)/Community App";
			};
			name = Release;
		};
		AF3F2C532D9C47DF00F3F3EB /* Debug */ = {
			isa = XCBuildConfiguration;
			buildSettings = {
				CODE_SIGN_STYLE = Automatic;
				CURRENT_PROJECT_VERSION = 1;
				GENERATE_INFOPLIST_FILE = YES;
				MARKETING_VERSION = 1.0;
				PRODUCT_BUNDLE_IDENTIFIER = "The-High-Card.Community-AppUITests";
				PRODUCT_NAME = "$(TARGET_NAME)";
				SWIFT_EMIT_LOC_STRINGS = NO;
				SWIFT_VERSION = 5.0;
				TARGETED_DEVICE_FAMILY = "1,2";
				TEST_TARGET_NAME = "Community App";
			};
			name = Debug;
		};
		AF3F2C542D9C47DF00F3F3EB /* Release */ = {
			isa = XCBuildConfiguration;
			buildSettings = {
				CODE_SIGN_STYLE = Automatic;
				CURRENT_PROJECT_VERSION = 1;
				GENERATE_INFOPLIST_FILE = YES;
				MARKETING_VERSION = 1.0;
				PRODUCT_BUNDLE_IDENTIFIER = "The-High-Card.Community-AppUITests";
				PRODUCT_NAME = "$(TARGET_NAME)";
				SWIFT_EMIT_LOC_STRINGS = NO;
				SWIFT_VERSION = 5.0;
				TARGETED_DEVICE_FAMILY = "1,2";
				TEST_TARGET_NAME = "Community App";
			};
			name = Release;
		};
/* End XCBuildConfiguration section */

/* Begin XCConfigurationList section */
		AF3F2C212D9C47DD00F3F3EB /* Build configuration list for PBXProject "Community App" */ = {
			isa = XCConfigurationList;
			buildConfigurations = (
				AF3F2C4A2D9C47DF00F3F3EB /* Debug */,
				AF3F2C4B2D9C47DF00F3F3EB /* Release */,
			);
			defaultConfigurationIsVisible = 0;
			defaultConfigurationName = Release;
		};
		AF3F2C4C2D9C47DF00F3F3EB /* Build configuration list for PBXNativeTarget "Community App" */ = {
			isa = XCConfigurationList;
			buildConfigurations = (
				AF3F2C4D2D9C47DF00F3F3EB /* Debug */,
				AF3F2C4E2D9C47DF00F3F3EB /* Release */,
			);
			defaultConfigurationIsVisible = 0;
			defaultConfigurationName = Release;
		};
		AF3F2C4F2D9C47DF00F3F3EB /* Build configuration list for PBXNativeTarget "Community AppTests" */ = {
			isa = XCConfigurationList;
			buildConfigurations = (
				AF3F2C502D9C47DF00F3F3EB /* Debug */,
				AF3F2C512D9C47DF00F3F3EB /* Release */,
			);
			defaultConfigurationIsVisible = 0;
			defaultConfigurationName = Release;
		};
		AF3F2C522D9C47DF00F3F3EB /* Build configuration list for PBXNativeTarget "Community AppUITests" */ = {
			isa = XCConfigurationList;
			buildConfigurations = (
				AF3F2C532D9C47DF00F3F3EB /* Debug */,
				AF3F2C542D9C47DF00F3F3EB /* Release */,
			);
			defaultConfigurationIsVisible = 0;
			defaultConfigurationName = Release;
		};
/* End XCConfigurationList section */
	};
	rootObject = AF3F2C1E2D9C47DD00F3F3EB /* Project object */;
}
